
Microsoft Visual Studio Solution File, Format Version 12.00
# Visual Studio 15
VisualStudioVersion = 15.0.28010.2041
MinimumVisualStudioVersion = 10.0.40219.1
Project("{FAE04EC0-301F-11D3-BF4B-00C04F79EFBC}") = "Nandonalt_SnowyTrees", "Nandonalt_SnowyTrees\Nandonalt_SnowyTrees.csproj", "{BB71D42F-4547-4987-ADD5-0B125530D1DC}"
EndProject
Global
	GlobalSection(SolutionConfigurationPlatforms) = preSolution
		Debug|Any CPU = Debug|Any CPU
		Release|Any CPU = Release|Any CPU
	EndGlobalSection
	GlobalSection(ProjectConfigurationPlatforms) = postSolution
		{BB71D42F-4547-4987-ADD5-0B125530D1DC}.Debug|Any CPU.ActiveCfg = Debug|Any CPU
		{BB71D42F-4547-4987-ADD5-0B125530D1DC}.Debug|Any CPU.Build.0 = Debug|Any CPU
		{BB71D42F-4547-4987-ADD5-0B125530D1DC}.Release|Any CPU.ActiveCfg = Release|Any CPU
		{BB71D42F-4547-4987-ADD5-0B125530D1DC}.Release|Any CPU.Build.0 = Release|Any CPU
	EndGlobalSection
	GlobalSection(SolutionProperties) = preSolution
		HideSolutionNode = FALSE
	EndGlobalSection
	GlobalSection(ExtensibilityGlobals) = postSolution
		SolutionGuid = {BD190557-162F-4257-AD97-6B3C6220AB00}
	EndGlobalSection
EndGlobal
