
Microsoft Visual Studio Solution File, Format Version 12.00
# Visual Studio Version 17
VisualStudioVersion = 17.2.32630.192
MinimumVisualStudioVersion = 10.0.40219.1
Project("{FAE04EC0-301F-11D3-BF4B-00C04F79EFBC}") = "Nandonalt_SnowyTrees", "Nandonalt_SnowyTrees\Nandonalt_SnowyTrees.csproj", "{BB71D42F-4547-4987-ADD5-0B125530D1DC}"
EndProject
Project("{911E67C6-3D85-4FCE-B560-20A9C3E3FF48}") = "RimWorldWin64", "..\..\..\..\RimWorldWin64.exe", "{CC658B14-F138-4304-B3D9-F4E5C25C3B64}"
	ProjectSection(DebuggerProjectSystem) = preProject
		PortSupplier = 00000000-0000-0000-0000-000000000000
		Executable = C:\Program Files (x86)\Games\Steam\steamapps\common\RimWorld\RimWorldWin64.exe
		RemoteMachine = GRAY-GHOST
		StartingDirectory = C:\Program Files (x86)\Games\Steam\steamapps\common\RimWorld
		Arguments = --doorstop-enabled true
		Environment = Default
		LaunchingEngine = 00000000-0000-0000-0000-000000000000
		UseLegacyDebugEngines = No
		LaunchSQLEngine = No
		AttachLaunchAction = No
		IORedirection = Auto
	EndProjectSection
EndProject
Global
	GlobalSection(SolutionConfigurationPlatforms) = preSolution
		Debug|Any CPU = Debug|Any CPU
		Debug|x64 = Debug|x64
		Release 1.1|Any CPU = Release 1.1|Any CPU
		Release 1.1|x64 = Release 1.1|x64
		Release 1.2|Any CPU = Release 1.2|Any CPU
		Release 1.2|x64 = Release 1.2|x64
		Release 1.3|Any CPU = Release 1.3|Any CPU
		Release 1.3|x64 = Release 1.3|x64
		Release 1.4|Any CPU = Release 1.4|Any CPU
		Release 1.4|x64 = Release 1.4|x64
		Release 1.5|Any CPU = Release 1.5|Any CPU
		Release 1.5|x64 = Release 1.5|x64
		Release Current|Any CPU = Release Current|Any CPU
		Release Current|x64 = Release Current|x64
	EndGlobalSection
	GlobalSection(ProjectConfigurationPlatforms) = postSolution
		{BB71D42F-4547-4987-ADD5-0B125530D1DC}.Debug|Any CPU.ActiveCfg = Debug|Any CPU
		{BB71D42F-4547-4987-ADD5-0B125530D1DC}.Debug|Any CPU.Build.0 = Debug|Any CPU
		{BB71D42F-4547-4987-ADD5-0B125530D1DC}.Debug|x64.ActiveCfg = Debug|Any CPU
		{BB71D42F-4547-4987-ADD5-0B125530D1DC}.Debug|x64.Build.0 = Debug|Any CPU
		{BB71D42F-4547-4987-ADD5-0B125530D1DC}.Release 1.1|Any CPU.ActiveCfg = Release 1.1|Any CPU
		{BB71D42F-4547-4987-ADD5-0B125530D1DC}.Release 1.1|Any CPU.Build.0 = Release 1.1|Any CPU
		{BB71D42F-4547-4987-ADD5-0B125530D1DC}.Release 1.1|x64.ActiveCfg = Release 1.1|Any CPU
		{BB71D42F-4547-4987-ADD5-0B125530D1DC}.Release 1.1|x64.Build.0 = Release 1.1|Any CPU
		{BB71D42F-4547-4987-ADD5-0B125530D1DC}.Release 1.2|Any CPU.ActiveCfg = Release 1.2|Any CPU
		{BB71D42F-4547-4987-ADD5-0B125530D1DC}.Release 1.2|Any CPU.Build.0 = Release 1.2|Any CPU
		{BB71D42F-4547-4987-ADD5-0B125530D1DC}.Release 1.2|x64.ActiveCfg = Release 1.2|Any CPU
		{BB71D42F-4547-4987-ADD5-0B125530D1DC}.Release 1.2|x64.Build.0 = Release 1.2|Any CPU
		{BB71D42F-4547-4987-ADD5-0B125530D1DC}.Release 1.3|Any CPU.ActiveCfg = Release 1.3|Any CPU
		{BB71D42F-4547-4987-ADD5-0B125530D1DC}.Release 1.3|Any CPU.Build.0 = Release 1.3|Any CPU
		{BB71D42F-4547-4987-ADD5-0B125530D1DC}.Release 1.3|x64.ActiveCfg = Release 1.3|Any CPU
		{BB71D42F-4547-4987-ADD5-0B125530D1DC}.Release 1.3|x64.Build.0 = Release 1.3|Any CPU
		{BB71D42F-4547-4987-ADD5-0B125530D1DC}.Release 1.4|Any CPU.ActiveCfg = Release 1.4|Any CPU
		{BB71D42F-4547-4987-ADD5-0B125530D1DC}.Release 1.4|Any CPU.Build.0 = Release 1.4|Any CPU
		{BB71D42F-4547-4987-ADD5-0B125530D1DC}.Release 1.4|x64.ActiveCfg = Release 1.4|Any CPU
		{BB71D42F-4547-4987-ADD5-0B125530D1DC}.Release 1.4|x64.Build.0 = Release 1.4|Any CPU
		{BB71D42F-4547-4987-ADD5-0B125530D1DC}.Release 1.5|Any CPU.ActiveCfg = Release 1.5|Any CPU
		{BB71D42F-4547-4987-ADD5-0B125530D1DC}.Release 1.5|Any CPU.Build.0 = Release 1.5|Any CPU
		{BB71D42F-4547-4987-ADD5-0B125530D1DC}.Release 1.5|x64.ActiveCfg = Release 1.5|Any CPU
		{BB71D42F-4547-4987-ADD5-0B125530D1DC}.Release 1.5|x64.Build.0 = Release 1.5|Any CPU
		{BB71D42F-4547-4987-ADD5-0B125530D1DC}.Release Current|Any CPU.ActiveCfg = Release Current|Any CPU
		{BB71D42F-4547-4987-ADD5-0B125530D1DC}.Release Current|Any CPU.Build.0 = Release Current|Any CPU
		{BB71D42F-4547-4987-ADD5-0B125530D1DC}.Release Current|x64.ActiveCfg = Release Current|Any CPU
		{BB71D42F-4547-4987-ADD5-0B125530D1DC}.Release Current|x64.Build.0 = Release Current|Any CPU
		{CC658B14-F138-4304-B3D9-F4E5C25C3B64}.Debug|Any CPU.ActiveCfg = Release|x64
		{CC658B14-F138-4304-B3D9-F4E5C25C3B64}.Debug|x64.ActiveCfg = Release|x64
		{CC658B14-F138-4304-B3D9-F4E5C25C3B64}.Release 1.1|Any CPU.ActiveCfg = Release|x64
		{CC658B14-F138-4304-B3D9-F4E5C25C3B64}.Release 1.1|x64.ActiveCfg = Release|x64
		{CC658B14-F138-4304-B3D9-F4E5C25C3B64}.Release 1.2|Any CPU.ActiveCfg = Release|x64
		{CC658B14-F138-4304-B3D9-F4E5C25C3B64}.Release 1.2|x64.ActiveCfg = Release|x64
		{CC658B14-F138-4304-B3D9-F4E5C25C3B64}.Release 1.3|Any CPU.ActiveCfg = Release|x64
		{CC658B14-F138-4304-B3D9-F4E5C25C3B64}.Release 1.3|x64.ActiveCfg = Release|x64
		{CC658B14-F138-4304-B3D9-F4E5C25C3B64}.Release 1.4|Any CPU.ActiveCfg = Release|x64
		{CC658B14-F138-4304-B3D9-F4E5C25C3B64}.Release 1.4|x64.ActiveCfg = Release|x64
		{CC658B14-F138-4304-B3D9-F4E5C25C3B64}.Release 1.5|Any CPU.ActiveCfg = Release|x64
		{CC658B14-F138-4304-B3D9-F4E5C25C3B64}.Release 1.5|x64.ActiveCfg = Release|x64
		{CC658B14-F138-4304-B3D9-F4E5C25C3B64}.Release Current|Any CPU.ActiveCfg = Release|x64
		{CC658B14-F138-4304-B3D9-F4E5C25C3B64}.Release Current|x64.ActiveCfg = Release|x64
	EndGlobalSection
	GlobalSection(SolutionProperties) = preSolution
		HideSolutionNode = FALSE
	EndGlobalSection
	GlobalSection(ExtensibilityGlobals) = postSolution
		SolutionGuid = {BD190557-162F-4257-AD97-6B3C6220AB00}
	EndGlobalSection
EndGlobal
